
Microsoft Visual Studio Solution File, Format Version 12.00
# Visual Studio Version 17
VisualStudioVersion = 17.10.35122.118
MinimumVisualStudioVersion = 10.0.40219.1
Project("{FAE04EC0-301F-11D3-BF4B-00C04F79EFBC}") = "Pizza Fight", "Pizza Fight.csproj", "{CDD167C8-6F12-4923-862D-593B3F811DAC}"
EndProject
Global
	GlobalSection(SolutionConfigurationPlatforms) = preSolution
		Debug|Any CPU = Debug|Any CPU
		Release|Any CPU = Release|Any CPU
	EndGlobalSection
	GlobalSection(ProjectConfigurationPlatforms) = postSolution
		{CDD167C8-6F12-4923-862D-593B3F811DAC}.Debug|Any CPU.ActiveCfg = Debug|Any CPU
		{CDD167C8-6F12-4923-862D-593B3F811DAC}.Debug|Any CPU.Build.0 = Debug|Any CPU
		{CDD167C8-6F12-4923-862D-593B3F811DAC}.Release|Any CPU.ActiveCfg = Release|Any CPU
		{CDD167C8-6F12-4923-862D-593B3F811DAC}.Release|Any CPU.Build.0 = Release|Any CPU
	EndGlobalSection
	GlobalSection(SolutionProperties) = preSolution
		HideSolutionNode = FALSE
	EndGlobalSection
	GlobalSection(ExtensibilityGlobals) = postSolution
		SolutionGuid = {7F897E98-36BC-41D0-832D-C89ABB284C26}
	EndGlobalSection
EndGlobal
